
Microsoft Visual Studio Solution File, Format Version 12.00
# Visual Studio 15
VisualStudioVersion = 15.0.26730.16
MinimumVisualStudioVersion = 10.0.40219.1
Project("{9A19103F-16F7-4668-BE54-9A1E7A4F7556}") = "Luffy", "src\Luffy.csproj", "{57825AC4-51BC-49D8-AA4A-ACB2253918CC}"
EndProject
Project("{9A19103F-16F7-4668-BE54-9A1E7A4F7556}") = "Luffy.Samples", "samples\Luffy.Samples.csproj", "{6FDB43B2-E878-4FEF-BD69-F47DB2D1B381}"
EndProject
Project("{2150E333-8FDC-42A3-9474-1A3956D46DE8}") = "Solution Items", "Solution Items", "{F38BF0F4-048B-47E1-AE1F-0D77F97FEC67}"
	ProjectSection(SolutionItems) = preProject
		.gitattributes = .gitattributes
		.gitignore = .gitignore
		README.md = README.md
	EndProjectSection
EndProject
Global
	GlobalSection(SolutionConfigurationPlatforms) = preSolution
		Debug|Any CPU = Debug|Any CPU
		Release|Any CPU = Release|Any CPU
	EndGlobalSection
	GlobalSection(ProjectConfigurationPlatforms) = postSolution
		{57825AC4-51BC-49D8-AA4A-ACB2253918CC}.Debug|Any CPU.ActiveCfg = Debug|Any CPU
		{57825AC4-51BC-49D8-AA4A-ACB2253918CC}.Debug|Any CPU.Build.0 = Debug|Any CPU
		{57825AC4-51BC-49D8-AA4A-ACB2253918CC}.Release|Any CPU.ActiveCfg = Release|Any CPU
		{57825AC4-51BC-49D8-AA4A-ACB2253918CC}.Release|Any CPU.Build.0 = Release|Any CPU
		{6FDB43B2-E878-4FEF-BD69-F47DB2D1B381}.Debug|Any CPU.ActiveCfg = Debug|Any CPU
		{6FDB43B2-E878-4FEF-BD69-F47DB2D1B381}.Debug|Any CPU.Build.0 = Debug|Any CPU
		{6FDB43B2-E878-4FEF-BD69-F47DB2D1B381}.Release|Any CPU.ActiveCfg = Release|Any CPU
		{6FDB43B2-E878-4FEF-BD69-F47DB2D1B381}.Release|Any CPU.Build.0 = Release|Any CPU
	EndGlobalSection
	GlobalSection(SolutionProperties) = preSolution
		HideSolutionNode = FALSE
	EndGlobalSection
	GlobalSection(ExtensibilityGlobals) = postSolution
		SolutionGuid = {CFDF0717-6F8F-4916-B6A1-F923FD0A26ED}
	EndGlobalSection
EndGlobal
